
Microsoft Visual Studio Solution File, Format Version 12.00
# Visual Studio Version 17
VisualStudioVersion = 17.9.34607.119
MinimumVisualStudioVersion = 10.0.40219.1
Project("{FAE04EC0-301F-11D3-BF4B-00C04F79EFBC}") = "L02P02_2021CP601_2021EM601", "L02P02_2021CP601_2021EM601\L02P02_2021CP601_2021EM601.csproj", "{7F8BD7C4-17ED-4857-9407-E90478251007}"
EndProject
Global
	GlobalSection(SolutionConfigurationPlatforms) = preSolution
		Debug|Any CPU = Debug|Any CPU
		Release|Any CPU = Release|Any CPU
	EndGlobalSection
	GlobalSection(ProjectConfigurationPlatforms) = postSolution
		{7F8BD7C4-17ED-4857-9407-E90478251007}.Debug|Any CPU.ActiveCfg = Debug|Any CPU
		{7F8BD7C4-17ED-4857-9407-E90478251007}.Debug|Any CPU.Build.0 = Debug|Any CPU
		{7F8BD7C4-17ED-4857-9407-E90478251007}.Release|Any CPU.ActiveCfg = Release|Any CPU
		{7F8BD7C4-17ED-4857-9407-E90478251007}.Release|Any CPU.Build.0 = Release|Any CPU
	EndGlobalSection
	GlobalSection(SolutionProperties) = preSolution
		HideSolutionNode = FALSE
	EndGlobalSection
	GlobalSection(ExtensibilityGlobals) = postSolution
		SolutionGuid = {0AF6641E-4ADD-42D4-B4B9-8448464D5E3B}
	EndGlobalSection
EndGlobal
